{
  "lockfileVersion": 1,
  "configVersion": 1,
  "workspaces": {
    "": {
      "name": "hono",
      "dependencies": {
        "hono": "^4.8.9",
      },
      "devDependencies": {
        "@types/node": "^20.11.17",
        "typescript": "^5.8.3",
      },
    },
  },
  "packages": {
    "@types/node": ["@types/node@20.19.39", "", { "dependencies": { "undici-types": "~6.21.0" } }, "sha512-orrrD74MBUyK8jOAD/r0+lfa1I2MO6I+vAkmAWzMYbCcgrN4lCrmK52gRFQq/JRxfYPfonkr4b0jcY7Olqdqbw=="],

    "hono": ["hono@4.12.16", "", {}, "sha512-jN0ZewiNAWSe5khM3EyCmBb250+b40wWbwNILNfEvq84VREWwOIkuUsFONk/3i3nqkz7Oe1PcpM2mwQEK2L9Kg=="],

    "typescript": ["typescript@5.9.3", "", { "bin": { "tsc": "bin/tsc", "tsserver": "bin/tsserver" } }, "sha512-jl1vZzPDinLr9eUt3J/t7V6FgNEw9QjvBPdysz9KfQDD41fQrC2Y4vKQdiaUpFT4bXlb1RHhLpp8wtm6M5TgSw=="],

    "undici-types": ["undici-types@6.21.0", "", {}, "sha512-iwDZqg0QAGrg9Rav5H4n0M64c3mkR59cJ6wQp+7C4nI0gsmExaedaYLNO44eT4AtBBwjbTiGPMlt2Md0T9H9JQ=="],
  }
}
